
Microsoft Visual Studio Solution File, Format Version 12.00
# Visual Studio Version 17
VisualStudioVersion = 17.12.35506.116
MinimumVisualStudioVersion = 10.0.40219.1
Project("{FAE04EC0-301F-11D3-BF4B-00C04F79EFBC}") = "Web", "Desafio_A+_Educacao\Web.csproj", "{3ED96CCF-5F6B-44E2-B270-58A882F3D997}"
EndProject
Project("{E53339B2-1760-4266-BCC7-CA923CBCF16C}") = "docker-compose", "docker-compose.dcproj", "{67488634-36A5-45D3-A5F1-EABB62BBF327}"
EndProject
Project("{FAE04EC0-301F-11D3-BF4B-00C04F79EFBC}") = "Domain", "..\A+.Domain\Domain.csproj", "{AF8AF68E-B32F-400F-9E45-84F86B694F56}"
EndProject
Project("{FAE04EC0-301F-11D3-BF4B-00C04F79EFBC}") = "Application", "..\A+.Application\Application.csproj", "{E411E03B-853E-4D05-AA95-6C8FAD9EE5ED}"
EndProject
Project("{FAE04EC0-301F-11D3-BF4B-00C04F79EFBC}") = "Infrastructure", "..\A+.Infra\Infrastructure.csproj", "{FF1C69BA-1159-48F0-AE71-502AC1F8DB42}"
EndProject
Project("{FAE04EC0-301F-11D3-BF4B-00C04F79EFBC}") = "IoC", "..\A+.Infrastructure.IoC\IoC.csproj", "{4AE9E51D-A0F1-4FC1-9B3D-09C251254CD5}"
EndProject
Global
	GlobalSection(SolutionConfigurationPlatforms) = preSolution
		Debug|Any CPU = Debug|Any CPU
		Release|Any CPU = Release|Any CPU
	EndGlobalSection
	GlobalSection(ProjectConfigurationPlatforms) = postSolution
		{3ED96CCF-5F6B-44E2-B270-58A882F3D997}.Debug|Any CPU.ActiveCfg = Debug|Any CPU
		{3ED96CCF-5F6B-44E2-B270-58A882F3D997}.Debug|Any CPU.Build.0 = Debug|Any CPU
		{3ED96CCF-5F6B-44E2-B270-58A882F3D997}.Release|Any CPU.ActiveCfg = Release|Any CPU
		{3ED96CCF-5F6B-44E2-B270-58A882F3D997}.Release|Any CPU.Build.0 = Release|Any CPU
		{67488634-36A5-45D3-A5F1-EABB62BBF327}.Debug|Any CPU.ActiveCfg = Debug|Any CPU
		{67488634-36A5-45D3-A5F1-EABB62BBF327}.Debug|Any CPU.Build.0 = Debug|Any CPU
		{67488634-36A5-45D3-A5F1-EABB62BBF327}.Release|Any CPU.ActiveCfg = Release|Any CPU
		{67488634-36A5-45D3-A5F1-EABB62BBF327}.Release|Any CPU.Build.0 = Release|Any CPU
		{AF8AF68E-B32F-400F-9E45-84F86B694F56}.Debug|Any CPU.ActiveCfg = Debug|Any CPU
		{AF8AF68E-B32F-400F-9E45-84F86B694F56}.Debug|Any CPU.Build.0 = Debug|Any CPU
		{AF8AF68E-B32F-400F-9E45-84F86B694F56}.Release|Any CPU.ActiveCfg = Release|Any CPU
		{AF8AF68E-B32F-400F-9E45-84F86B694F56}.Release|Any CPU.Build.0 = Release|Any CPU
		{E411E03B-853E-4D05-AA95-6C8FAD9EE5ED}.Debug|Any CPU.ActiveCfg = Debug|Any CPU
		{E411E03B-853E-4D05-AA95-6C8FAD9EE5ED}.Debug|Any CPU.Build.0 = Debug|Any CPU
		{E411E03B-853E-4D05-AA95-6C8FAD9EE5ED}.Release|Any CPU.ActiveCfg = Release|Any CPU
		{E411E03B-853E-4D05-AA95-6C8FAD9EE5ED}.Release|Any CPU.Build.0 = Release|Any CPU
		{FF1C69BA-1159-48F0-AE71-502AC1F8DB42}.Debug|Any CPU.ActiveCfg = Debug|Any CPU
		{FF1C69BA-1159-48F0-AE71-502AC1F8DB42}.Debug|Any CPU.Build.0 = Debug|Any CPU
		{FF1C69BA-1159-48F0-AE71-502AC1F8DB42}.Release|Any CPU.ActiveCfg = Release|Any CPU
		{FF1C69BA-1159-48F0-AE71-502AC1F8DB42}.Release|Any CPU.Build.0 = Release|Any CPU
		{4AE9E51D-A0F1-4FC1-9B3D-09C251254CD5}.Debug|Any CPU.ActiveCfg = Debug|Any CPU
		{4AE9E51D-A0F1-4FC1-9B3D-09C251254CD5}.Debug|Any CPU.Build.0 = Debug|Any CPU
		{4AE9E51D-A0F1-4FC1-9B3D-09C251254CD5}.Release|Any CPU.ActiveCfg = Release|Any CPU
		{4AE9E51D-A0F1-4FC1-9B3D-09C251254CD5}.Release|Any CPU.Build.0 = Release|Any CPU
	EndGlobalSection
	GlobalSection(SolutionProperties) = preSolution
		HideSolutionNode = FALSE
	EndGlobalSection
EndGlobal
